
Microsoft Visual Studio Solution File, Format Version 12.00
# Visual Studio Version 17
VisualStudioVersion = 17.7.34221.43
MinimumVisualStudioVersion = 10.0.40219.1
Project("{FAE04EC0-301F-11D3-BF4B-00C04F79EFBC}") = "KassaAparati", "KassaAparati.csproj", "{AB7A52F5-6FF0-4389-AAED-7BB2B88A3567}"
EndProject
Global
	GlobalSection(SolutionConfigurationPlatforms) = preSolution
		Debug|Any CPU = Debug|Any CPU
		Release|Any CPU = Release|Any CPU
	EndGlobalSection
	GlobalSection(ProjectConfigurationPlatforms) = postSolution
		{AB7A52F5-6FF0-4389-AAED-7BB2B88A3567}.Debug|Any CPU.ActiveCfg = Debug|Any CPU
		{AB7A52F5-6FF0-4389-AAED-7BB2B88A3567}.Debug|Any CPU.Build.0 = Debug|Any CPU
		{AB7A52F5-6FF0-4389-AAED-7BB2B88A3567}.Release|Any CPU.ActiveCfg = Release|Any CPU
		{AB7A52F5-6FF0-4389-AAED-7BB2B88A3567}.Release|Any CPU.Build.0 = Release|Any CPU
	EndGlobalSection
	GlobalSection(SolutionProperties) = preSolution
		HideSolutionNode = FALSE
	EndGlobalSection
	GlobalSection(ExtensibilityGlobals) = postSolution
		SolutionGuid = {FCA104BC-0910-4569-97F7-199ABFF2ED53}
	EndGlobalSection
EndGlobal
